
Microsoft Visual Studio Solution File, Format Version 12.00
# Visual Studio 14
VisualStudioVersion = 14.0.23107.0
MinimumVisualStudioVersion = 10.0.40219.1
Project("{FAE04EC0-301F-11D3-BF4B-00C04F79EFBC}") = "MathTools", "MathTools\MathTools.csproj", "{B4EFD1DD-E1E1-495F-B527-10F2A9BE4DB2}"
EndProject
Project("{FAE04EC0-301F-11D3-BF4B-00C04F79EFBC}") = "ImageCompressionTool", "ImageCompressionTool\ImageCompressionTool.csproj", "{687488FC-09B2-4934-B541-0E2AA9F1A670}"
EndProject
Project("{FAE04EC0-301F-11D3-BF4B-00C04F79EFBC}") = "ImageTools", "ImageTools\ImageTools.csproj", "{E0973C5D-6AED-4297-AD3B-2A46DC604DBE}"
EndProject
Global
	GlobalSection(SolutionConfigurationPlatforms) = preSolution
		Debug|Any CPU = Debug|Any CPU
		Debug|x86 = Debug|x86
		Release|Any CPU = Release|Any CPU
		Release|x86 = Release|x86
	EndGlobalSection
	GlobalSection(ProjectConfigurationPlatforms) = postSolution
		{B4EFD1DD-E1E1-495F-B527-10F2A9BE4DB2}.Debug|Any CPU.ActiveCfg = Debug|Any CPU
		{B4EFD1DD-E1E1-495F-B527-10F2A9BE4DB2}.Debug|Any CPU.Build.0 = Debug|Any CPU
		{B4EFD1DD-E1E1-495F-B527-10F2A9BE4DB2}.Debug|x86.ActiveCfg = Debug|Any CPU
		{B4EFD1DD-E1E1-495F-B527-10F2A9BE4DB2}.Debug|x86.Build.0 = Debug|Any CPU
		{B4EFD1DD-E1E1-495F-B527-10F2A9BE4DB2}.Release|Any CPU.ActiveCfg = Release|Any CPU
		{B4EFD1DD-E1E1-495F-B527-10F2A9BE4DB2}.Release|Any CPU.Build.0 = Release|Any CPU
		{B4EFD1DD-E1E1-495F-B527-10F2A9BE4DB2}.Release|x86.ActiveCfg = Release|Any CPU
		{B4EFD1DD-E1E1-495F-B527-10F2A9BE4DB2}.Release|x86.Build.0 = Release|Any CPU
		{687488FC-09B2-4934-B541-0E2AA9F1A670}.Debug|Any CPU.ActiveCfg = Debug|Any CPU
		{687488FC-09B2-4934-B541-0E2AA9F1A670}.Debug|Any CPU.Build.0 = Debug|Any CPU
		{687488FC-09B2-4934-B541-0E2AA9F1A670}.Debug|x86.ActiveCfg = Debug|Any CPU
		{687488FC-09B2-4934-B541-0E2AA9F1A670}.Debug|x86.Build.0 = Debug|Any CPU
		{687488FC-09B2-4934-B541-0E2AA9F1A670}.Release|Any CPU.ActiveCfg = Release|Any CPU
		{687488FC-09B2-4934-B541-0E2AA9F1A670}.Release|Any CPU.Build.0 = Release|Any CPU
		{687488FC-09B2-4934-B541-0E2AA9F1A670}.Release|x86.ActiveCfg = Release|Any CPU
		{687488FC-09B2-4934-B541-0E2AA9F1A670}.Release|x86.Build.0 = Release|Any CPU
		{E0973C5D-6AED-4297-AD3B-2A46DC604DBE}.Debug|Any CPU.ActiveCfg = Debug|Any CPU
		{E0973C5D-6AED-4297-AD3B-2A46DC604DBE}.Debug|Any CPU.Build.0 = Debug|Any CPU
		{E0973C5D-6AED-4297-AD3B-2A46DC604DBE}.Debug|x86.ActiveCfg = Debug|Any CPU
		{E0973C5D-6AED-4297-AD3B-2A46DC604DBE}.Debug|x86.Build.0 = Debug|Any CPU
		{E0973C5D-6AED-4297-AD3B-2A46DC604DBE}.Release|Any CPU.ActiveCfg = Release|Any CPU
		{E0973C5D-6AED-4297-AD3B-2A46DC604DBE}.Release|Any CPU.Build.0 = Release|Any CPU
		{E0973C5D-6AED-4297-AD3B-2A46DC604DBE}.Release|x86.ActiveCfg = Release|Any CPU
		{E0973C5D-6AED-4297-AD3B-2A46DC604DBE}.Release|x86.Build.0 = Release|Any CPU
	EndGlobalSection
	GlobalSection(SolutionProperties) = preSolution
		HideSolutionNode = FALSE
	EndGlobalSection
EndGlobal
